
Microsoft Visual Studio Solution File, Format Version 12.00
# Visual Studio Version 17
VisualStudioVersion = 17.7.34221.43
MinimumVisualStudioVersion = 10.0.40219.1
Project("{9A19103F-16F7-4668-BE54-9A1E7A4F7556}") = "Wzorce.Zad1", "Programowanie.Wspolbiezne\Wzorce.Zad1.csproj", "{E2F4FE68-EFA7-4D7C-AD3D-71908F9EA533}"
EndProject
Project("{9A19103F-16F7-4668-BE54-9A1E7A4F7556}") = "Wzorce.Zad2", "Programowanie.Wspolbiezne.Zad2\Wzorce.Zad2.csproj", "{F2D9C463-5EAA-4A89-9288-124B6DDF64F7}"
EndProject
Project("{9A19103F-16F7-4668-BE54-9A1E7A4F7556}") = "Wzorce.Zad3", "Programowanie.Wspolbiezne.Zad3\Wzorce.Zad3.csproj", "{6824DEB5-3D46-4FC2-9ADF-319A6ADB0422}"
EndProject
Project("{9A19103F-16F7-4668-BE54-9A1E7A4F7556}") = "Wzorce.Zad4", "Programowanie.Wspolbiezne.Zad4\Wzorce.Zad4.csproj", "{AD4A91B8-6E85-4F2A-BF2E-DD1C4E9584E8}"
EndProject
Project("{2150E333-8FDC-42A3-9474-1A3956D46DE8}") = "Wzorce", "Wzorce", "{1DB4DBF8-B767-4711-A351-D63789D9A57D}"
EndProject
Project("{2150E333-8FDC-42A3-9474-1A3956D46DE8}") = "Wspolbiezne", "Wspolbiezne", "{08A1C4BC-6FBD-43CB-80DE-A7EEEFCBE42E}"
EndProject
Project("{FAE04EC0-301F-11D3-BF4B-00C04F79EFBC}") = "Wspolbiezne.Zad1", "Wspolbiezne.Zad1\Wspolbiezne.Zad1.csproj", "{199AF578-0802-4254-B049-05FB3817B610}"
EndProject
Project("{FAE04EC0-301F-11D3-BF4B-00C04F79EFBC}") = "Wspolbiezne.Zad2", "Wspolbiezne.Zad2\Wspolbiezne.Zad2.csproj", "{26563ABD-F24D-4CD2-B130-A659775F6664}"
EndProject
Project("{FAE04EC0-301F-11D3-BF4B-00C04F79EFBC}") = "Wspolbiezne.Zad3", "Wspolbiezne.Zad3\Wspolbiezne.Zad3.csproj", "{108AF18D-B027-4665-96C5-6CECA795FDDF}"
EndProject
Project("{FAE04EC0-301F-11D3-BF4B-00C04F79EFBC}") = "Wspolbiezne.Zad4", "Wspolbiezne.Zad4\Wspolbiezne.Zad4.csproj", "{37F6CAEA-BC96-4F54-8327-6D90ECA46522}"
EndProject
Project("{FAE04EC0-301F-11D3-BF4B-00C04F79EFBC}") = "Wspolbiezne.Zad5", "Wspolbiezne.Zad5\Wspolbiezne.Zad5.csproj", "{5C74EC5D-7A75-4915-911B-A7442A25627C}"
EndProject
Global
	GlobalSection(SolutionConfigurationPlatforms) = preSolution
		Debug|Any CPU = Debug|Any CPU
		Release|Any CPU = Release|Any CPU
	EndGlobalSection
	GlobalSection(ProjectConfigurationPlatforms) = postSolution
		{E2F4FE68-EFA7-4D7C-AD3D-71908F9EA533}.Debug|Any CPU.ActiveCfg = Debug|Any CPU
		{E2F4FE68-EFA7-4D7C-AD3D-71908F9EA533}.Debug|Any CPU.Build.0 = Debug|Any CPU
		{E2F4FE68-EFA7-4D7C-AD3D-71908F9EA533}.Release|Any CPU.ActiveCfg = Release|Any CPU
		{E2F4FE68-EFA7-4D7C-AD3D-71908F9EA533}.Release|Any CPU.Build.0 = Release|Any CPU
		{F2D9C463-5EAA-4A89-9288-124B6DDF64F7}.Debug|Any CPU.ActiveCfg = Debug|Any CPU
		{F2D9C463-5EAA-4A89-9288-124B6DDF64F7}.Debug|Any CPU.Build.0 = Debug|Any CPU
		{F2D9C463-5EAA-4A89-9288-124B6DDF64F7}.Release|Any CPU.ActiveCfg = Release|Any CPU
		{F2D9C463-5EAA-4A89-9288-124B6DDF64F7}.Release|Any CPU.Build.0 = Release|Any CPU
		{6824DEB5-3D46-4FC2-9ADF-319A6ADB0422}.Debug|Any CPU.ActiveCfg = Debug|Any CPU
		{6824DEB5-3D46-4FC2-9ADF-319A6ADB0422}.Debug|Any CPU.Build.0 = Debug|Any CPU
		{6824DEB5-3D46-4FC2-9ADF-319A6ADB0422}.Release|Any CPU.ActiveCfg = Release|Any CPU
		{6824DEB5-3D46-4FC2-9ADF-319A6ADB0422}.Release|Any CPU.Build.0 = Release|Any CPU
		{AD4A91B8-6E85-4F2A-BF2E-DD1C4E9584E8}.Debug|Any CPU.ActiveCfg = Debug|Any CPU
		{AD4A91B8-6E85-4F2A-BF2E-DD1C4E9584E8}.Debug|Any CPU.Build.0 = Debug|Any CPU
		{AD4A91B8-6E85-4F2A-BF2E-DD1C4E9584E8}.Release|Any CPU.ActiveCfg = Release|Any CPU
		{AD4A91B8-6E85-4F2A-BF2E-DD1C4E9584E8}.Release|Any CPU.Build.0 = Release|Any CPU
		{199AF578-0802-4254-B049-05FB3817B610}.Debug|Any CPU.ActiveCfg = Debug|Any CPU
		{199AF578-0802-4254-B049-05FB3817B610}.Debug|Any CPU.Build.0 = Debug|Any CPU
		{199AF578-0802-4254-B049-05FB3817B610}.Release|Any CPU.ActiveCfg = Release|Any CPU
		{199AF578-0802-4254-B049-05FB3817B610}.Release|Any CPU.Build.0 = Release|Any CPU
		{26563ABD-F24D-4CD2-B130-A659775F6664}.Debug|Any CPU.ActiveCfg = Debug|Any CPU
		{26563ABD-F24D-4CD2-B130-A659775F6664}.Debug|Any CPU.Build.0 = Debug|Any CPU
		{26563ABD-F24D-4CD2-B130-A659775F6664}.Release|Any CPU.ActiveCfg = Release|Any CPU
		{26563ABD-F24D-4CD2-B130-A659775F6664}.Release|Any CPU.Build.0 = Release|Any CPU
		{108AF18D-B027-4665-96C5-6CECA795FDDF}.Debug|Any CPU.ActiveCfg = Debug|Any CPU
		{108AF18D-B027-4665-96C5-6CECA795FDDF}.Debug|Any CPU.Build.0 = Debug|Any CPU
		{108AF18D-B027-4665-96C5-6CECA795FDDF}.Release|Any CPU.ActiveCfg = Release|Any CPU
		{108AF18D-B027-4665-96C5-6CECA795FDDF}.Release|Any CPU.Build.0 = Release|Any CPU
		{37F6CAEA-BC96-4F54-8327-6D90ECA46522}.Debug|Any CPU.ActiveCfg = Debug|Any CPU
		{37F6CAEA-BC96-4F54-8327-6D90ECA46522}.Debug|Any CPU.Build.0 = Debug|Any CPU
		{37F6CAEA-BC96-4F54-8327-6D90ECA46522}.Release|Any CPU.ActiveCfg = Release|Any CPU
		{37F6CAEA-BC96-4F54-8327-6D90ECA46522}.Release|Any CPU.Build.0 = Release|Any CPU
		{5C74EC5D-7A75-4915-911B-A7442A25627C}.Debug|Any CPU.ActiveCfg = Debug|Any CPU
		{5C74EC5D-7A75-4915-911B-A7442A25627C}.Debug|Any CPU.Build.0 = Debug|Any CPU
		{5C74EC5D-7A75-4915-911B-A7442A25627C}.Release|Any CPU.ActiveCfg = Release|Any CPU
		{5C74EC5D-7A75-4915-911B-A7442A25627C}.Release|Any CPU.Build.0 = Release|Any CPU
	EndGlobalSection
	GlobalSection(SolutionProperties) = preSolution
		HideSolutionNode = FALSE
	EndGlobalSection
	GlobalSection(NestedProjects) = preSolution
		{E2F4FE68-EFA7-4D7C-AD3D-71908F9EA533} = {1DB4DBF8-B767-4711-A351-D63789D9A57D}
		{F2D9C463-5EAA-4A89-9288-124B6DDF64F7} = {1DB4DBF8-B767-4711-A351-D63789D9A57D}
		{6824DEB5-3D46-4FC2-9ADF-319A6ADB0422} = {1DB4DBF8-B767-4711-A351-D63789D9A57D}
		{AD4A91B8-6E85-4F2A-BF2E-DD1C4E9584E8} = {1DB4DBF8-B767-4711-A351-D63789D9A57D}
		{199AF578-0802-4254-B049-05FB3817B610} = {08A1C4BC-6FBD-43CB-80DE-A7EEEFCBE42E}
		{26563ABD-F24D-4CD2-B130-A659775F6664} = {08A1C4BC-6FBD-43CB-80DE-A7EEEFCBE42E}
		{108AF18D-B027-4665-96C5-6CECA795FDDF} = {08A1C4BC-6FBD-43CB-80DE-A7EEEFCBE42E}
		{37F6CAEA-BC96-4F54-8327-6D90ECA46522} = {08A1C4BC-6FBD-43CB-80DE-A7EEEFCBE42E}
		{5C74EC5D-7A75-4915-911B-A7442A25627C} = {08A1C4BC-6FBD-43CB-80DE-A7EEEFCBE42E}
	EndGlobalSection
	GlobalSection(ExtensibilityGlobals) = postSolution
		SolutionGuid = {7B0E67DB-305F-49E9-9057-B55AF6C43C51}
	EndGlobalSection
EndGlobal
